
Microsoft Visual Studio Solution File, Format Version 12.00
# Visual Studio Version 17
VisualStudioVersion = 17.3.32901.215
MinimumVisualStudioVersion = 10.0.40219.1
Project("{9A19103F-16F7-4668-BE54-9A1E7A4F7556}") = "betapet-bot-api", "betapet-bot-api\betapet-bot-api.csproj", "{8DF63B0D-CC1E-40CC-857A-21731FEA7BAA}"
EndProject
Project("{9A19103F-16F7-4668-BE54-9A1E7A4F7556}") = "Betapet", "Betapet\Betapet.csproj", "{B384F17E-7240-4A17-9341-922CA6414FA7}"
EndProject
Project("{9A19103F-16F7-4668-BE54-9A1E7A4F7556}") = "BetapetBot", "BetapetBot\BetapetBot.csproj", "{F41168CE-FF5F-464F-9BA7-E21C1C8AA2EC}"
EndProject
Project("{2150E333-8FDC-42A3-9474-1A3956D46DE8}") = "ExampleRequests", "ExampleRequests", "{D11A418F-736E-4B4B-BB46-BC6EEFC3E244}"
	ProjectSection(SolutionItems) = preProject
		..\login.chlsj = ..\login.chlsj
		..\createGame.chlsj = ..\createGame.chlsj
	EndProjectSection
EndProject
Global
	GlobalSection(SolutionConfigurationPlatforms) = preSolution
		Debug|Any CPU = Debug|Any CPU
		Release|Any CPU = Release|Any CPU
	EndGlobalSection
	GlobalSection(ProjectConfigurationPlatforms) = postSolution
		{8DF63B0D-CC1E-40CC-857A-21731FEA7BAA}.Debug|Any CPU.ActiveCfg = Debug|Any CPU
		{8DF63B0D-CC1E-40CC-857A-21731FEA7BAA}.Debug|Any CPU.Build.0 = Debug|Any CPU
		{8DF63B0D-CC1E-40CC-857A-21731FEA7BAA}.Release|Any CPU.ActiveCfg = Release|Any CPU
		{8DF63B0D-CC1E-40CC-857A-21731FEA7BAA}.Release|Any CPU.Build.0 = Release|Any CPU
		{B384F17E-7240-4A17-9341-922CA6414FA7}.Debug|Any CPU.ActiveCfg = Debug|Any CPU
		{B384F17E-7240-4A17-9341-922CA6414FA7}.Debug|Any CPU.Build.0 = Debug|Any CPU
		{B384F17E-7240-4A17-9341-922CA6414FA7}.Release|Any CPU.ActiveCfg = Release|Any CPU
		{B384F17E-7240-4A17-9341-922CA6414FA7}.Release|Any CPU.Build.0 = Release|Any CPU
		{F41168CE-FF5F-464F-9BA7-E21C1C8AA2EC}.Debug|Any CPU.ActiveCfg = Debug|Any CPU
		{F41168CE-FF5F-464F-9BA7-E21C1C8AA2EC}.Debug|Any CPU.Build.0 = Debug|Any CPU
		{F41168CE-FF5F-464F-9BA7-E21C1C8AA2EC}.Release|Any CPU.ActiveCfg = Release|Any CPU
		{F41168CE-FF5F-464F-9BA7-E21C1C8AA2EC}.Release|Any CPU.Build.0 = Release|Any CPU
	EndGlobalSection
	GlobalSection(SolutionProperties) = preSolution
		HideSolutionNode = FALSE
	EndGlobalSection
	GlobalSection(ExtensibilityGlobals) = postSolution
		SolutionGuid = {BE79DA65-A2BD-4E87-8A58-BF1D78139719}
	EndGlobalSection
EndGlobal
